# THIS IS AN AUTOGENERATED FILE. DO NOT EDIT THIS FILE DIRECTLY.
# yarn lockfile v1


"@xterm/addon-fit@^0.10.0":
  version "0.10.0"
  resolved "https://registry.yarnpkg.com/@xterm/addon-fit/-/addon-fit-0.10.0.tgz#bebf87fadd74e3af30fdcdeef47030e2592c6f55"
  integrity sha512-UFYkDm4HUahf2lnEyHvio51TNGiLK66mqP2JoATy7hRZeXaGMRDr00JiSF7m63vR5WKATF605yEggJKsw0JpMQ==

"@xterm/xterm@^5.5.0":
  version "5.5.0"
  resolved "https://registry.yarnpkg.com/@xterm/xterm/-/xterm-5.5.0.tgz#275fb8f6e14afa6e8a0c05d4ebc94523ff775396"
  integrity sha512-hqJHYaQb5OptNunnyAnkHyM8aCjZ1MEIDTQu1iIbbTD/xops91NB5yq1ZK/dC2JDbVWtF23zUtl9JE2NqwT87A==
